
Microsoft Visual Studio Solution File, Format Version 12.00
# Visual Studio 14
VisualStudioVersion = 14.0.25420.1
MinimumVisualStudioVersion = 10.0.40219.1
Project("{FAE04EC0-301F-11D3-BF4B-00C04F79EFBC}") = "WindowsFormsApplication2", "WindowsFormsApplication2\WindowsFormsApplication2.csproj", "{7766C913-479F-4CE8-AA66-7903B4D99716}"
EndProject
Project("{FAE04EC0-301F-11D3-BF4B-00C04F79EFBC}") = "Jeskoent", "Jeskoent\Jeskoent.csproj", "{89882134-FAF4-49D1-98D0-42FF9E91C4BE}"
EndProject
Global
	GlobalSection(SolutionConfigurationPlatforms) = preSolution
		Debug|Any CPU = Debug|Any CPU
		Release|Any CPU = Release|Any CPU
	EndGlobalSection
	GlobalSection(ProjectConfigurationPlatforms) = postSolution
		{7766C913-479F-4CE8-AA66-7903B4D99716}.Debug|Any CPU.ActiveCfg = Debug|Any CPU
		{7766C913-479F-4CE8-AA66-7903B4D99716}.Debug|Any CPU.Build.0 = Debug|Any CPU
		{7766C913-479F-4CE8-AA66-7903B4D99716}.Release|Any CPU.ActiveCfg = Release|Any CPU
		{7766C913-479F-4CE8-AA66-7903B4D99716}.Release|Any CPU.Build.0 = Release|Any CPU
		{89882134-FAF4-49D1-98D0-42FF9E91C4BE}.Debug|Any CPU.ActiveCfg = Debug|Any CPU
		{89882134-FAF4-49D1-98D0-42FF9E91C4BE}.Debug|Any CPU.Build.0 = Debug|Any CPU
		{89882134-FAF4-49D1-98D0-42FF9E91C4BE}.Release|Any CPU.ActiveCfg = Release|Any CPU
		{89882134-FAF4-49D1-98D0-42FF9E91C4BE}.Release|Any CPU.Build.0 = Release|Any CPU
	EndGlobalSection
	GlobalSection(SolutionProperties) = preSolution
		HideSolutionNode = FALSE
	EndGlobalSection
EndGlobal
